
Microsoft Visual Studio Solution File, Format Version 12.00
# Visual Studio Version 16
VisualStudioVersion = 16.0.28803.202
MinimumVisualStudioVersion = 10.0.40219.1
Project("{FAE04EC0-301F-11D3-BF4B-00C04F79EFBC}") = "CRUD_Angular_and_AspNetCore", "CRUD_Angular_and_AspNetCore\CRUD_Angular_and_AspNetCore.csproj", "{453CDAEB-A3C5-4E73-8FF9-2D9F9F69508B}"
EndProject
Global
	GlobalSection(SolutionConfigurationPlatforms) = preSolution
		Debug|Any CPU = Debug|Any CPU
		Release|Any CPU = Release|Any CPU
	EndGlobalSection
	GlobalSection(ProjectConfigurationPlatforms) = postSolution
		{453CDAEB-A3C5-4E73-8FF9-2D9F9F69508B}.Debug|Any CPU.ActiveCfg = Debug|Any CPU
		{453CDAEB-A3C5-4E73-8FF9-2D9F9F69508B}.Debug|Any CPU.Build.0 = Debug|Any CPU
		{453CDAEB-A3C5-4E73-8FF9-2D9F9F69508B}.Release|Any CPU.ActiveCfg = Release|Any CPU
		{453CDAEB-A3C5-4E73-8FF9-2D9F9F69508B}.Release|Any CPU.Build.0 = Release|Any CPU
	EndGlobalSection
	GlobalSection(SolutionProperties) = preSolution
		HideSolutionNode = FALSE
	EndGlobalSection
	GlobalSection(ExtensibilityGlobals) = postSolution
		SolutionGuid = {8B2B7BFE-A824-4CCD-9E6D-E5E19B9F4523}
	EndGlobalSection
EndGlobal
